
Microsoft Visual Studio Solution File, Format Version 12.00
# Visual Studio Version 17
VisualStudioVersion = 17.1.31911.260
MinimumVisualStudioVersion = 10.0.40219.1
Project("{9A19103F-16F7-4668-BE54-9A1E7A4F7556}") = "GA.Business.Core", "Common\GA.Business.Core\GA.Business.Core.csproj", "{44AA465B-6C3C-4439-B8C9-6624B0230D4F}"
EndProject
Project("{2150E333-8FDC-42A3-9474-1A3956D46DE8}") = "Common", "Common", "{C2D782E1-D535-4614-B458-E1ABA1B4F5B1}"
EndProject
Project("{9A19103F-16F7-4668-BE54-9A1E7A4F7556}") = "GA.Core", "GA.Core\GA.Core.csproj", "{7B106678-09E5-41B2-87D0-98E8C035C7FD}"
EndProject
Project("{9A19103F-16F7-4668-BE54-9A1E7A4F7556}") = "GaCLI", "GaCLI\GaCLI.csproj", "{442021D8-8D71-41A0-BC96-B62F44483550}"
EndProject
Project("{9A19103F-16F7-4668-BE54-9A1E7A4F7556}") = "GA.Business.Core.Tests", "Tests\Common\GA.Business.Core.Tests\GA.Business.Core.Tests.csproj", "{72F3861F-75BC-4504-9CC7-B7137D9BB2F1}"
EndProject
Project("{2150E333-8FDC-42A3-9474-1A3956D46DE8}") = "_docs", "_docs", "{983FAA86-8005-4CFF-8796-E6D1A3B14F61}"
	ProjectSection(SolutionItems) = preProject
		DevNotes.txt = DevNotes.txt
		docs\TuningChart.pdf = docs\TuningChart.pdf
	EndProjectSection
EndProject
Project("{9A19103F-16F7-4668-BE54-9A1E7A4F7556}") = "GA.WebBlazorApp", "GA.WebBlazorApp\GA.WebBlazorApp.csproj", "{150B48D2-FB05-42AB-B4BF-7028F92CA52B}"
EndProject
Project("{9A19103F-16F7-4668-BE54-9A1E7A4F7556}") = "GA.Business.Querying", "GA.Business.Querying\GA.Business.Querying.csproj", "{F365B48C-7F5A-4C33-A973-6B16B090168F}"
EndProject
Project("{9A19103F-16F7-4668-BE54-9A1E7A4F7556}") = "GA.Core.UI", "Common\GA.Core.UI\GA.Core.UI.csproj", "{200591AB-B9A5-45DE-B825-4BEE349B744E}"
EndProject
Project("{9A19103F-16F7-4668-BE54-9A1E7A4F7556}") = "GA.Business.Core.UI", "Common\GA.Business.Core.UI\GA.Business.Core.UI.csproj", "{B39C3492-FBD3-4EDA-98B7-207DEF406392}"
EndProject
Project("{2150E333-8FDC-42A3-9474-1A3956D46DE8}") = "Experiments", "Experiments", "{C939F925-0AD8-45CD-8D5D-9FAA5FDD26D1}"
EndProject
Project("{9A19103F-16F7-4668-BE54-9A1E7A4F7556}") = "UseGaNugetPackageExample", "Experiments\UseGaNugetPackageExample\UseGaNugetPackageExample.csproj", "{1E3BF245-A62B-4949-AD91-A87E0B453089}"
EndProject
Project("{2150E333-8FDC-42A3-9474-1A3956D46DE8}") = "Notebooks", "Notebooks", "{4B000918-9823-4B1D-89EE-09C44B573BEC}"
	ProjectSection(SolutionItems) = preProject
		Notebooks\F# test.ipynb = Notebooks\F# test.ipynb
	EndProjectSection
EndProject
Project("{2150E333-8FDC-42A3-9474-1A3956D46DE8}") = "Modes", "Modes", "{6A5463C6-84EF-4638-9655-BEE526813734}"
	ProjectSection(SolutionItems) = preProject
		Notebooks\Scale Modes - harmonic minor scale.ipynb = Notebooks\Scale Modes - harmonic minor scale.ipynb
		Notebooks\Scale Modes - major scale.ipynb = Notebooks\Scale Modes - major scale.ipynb
		Notebooks\Scale Modes - melodic minor scale.ipynb = Notebooks\Scale Modes - melodic minor scale.ipynb
	EndProjectSection
EndProject
Project("{2150E333-8FDC-42A3-9474-1A3956D46DE8}") = "Samples", "Samples", "{BCEFA941-139E-4850-B5FF-B7A1AA9CDF8D}"
	ProjectSection(SolutionItems) = preProject
		Notebooks\Samples\ExtensionLab-EF.ipynb = Notebooks\Samples\ExtensionLab-EF.ipynb
	EndProjectSection
EndProject
Project("{F2A71F9B-5D33-465A-A702-920D77279786}") = "GA.Business.Config", "Common\GA.Business.Config\GA.Business.Config.fsproj", "{ABE045B5-BC92-4041-9E6F-10284512F4E4}"
EndProject
Global
	GlobalSection(SolutionConfigurationPlatforms) = preSolution
		Debug|Any CPU = Debug|Any CPU
		Release|Any CPU = Release|Any CPU
	EndGlobalSection
	GlobalSection(ProjectConfigurationPlatforms) = postSolution
		{44AA465B-6C3C-4439-B8C9-6624B0230D4F}.Debug|Any CPU.ActiveCfg = Debug|Any CPU
		{44AA465B-6C3C-4439-B8C9-6624B0230D4F}.Debug|Any CPU.Build.0 = Debug|Any CPU
		{44AA465B-6C3C-4439-B8C9-6624B0230D4F}.Release|Any CPU.ActiveCfg = Release|Any CPU
		{44AA465B-6C3C-4439-B8C9-6624B0230D4F}.Release|Any CPU.Build.0 = Release|Any CPU
		{7B106678-09E5-41B2-87D0-98E8C035C7FD}.Debug|Any CPU.ActiveCfg = Debug|Any CPU
		{7B106678-09E5-41B2-87D0-98E8C035C7FD}.Debug|Any CPU.Build.0 = Debug|Any CPU
		{7B106678-09E5-41B2-87D0-98E8C035C7FD}.Release|Any CPU.ActiveCfg = Release|Any CPU
		{7B106678-09E5-41B2-87D0-98E8C035C7FD}.Release|Any CPU.Build.0 = Release|Any CPU
		{442021D8-8D71-41A0-BC96-B62F44483550}.Debug|Any CPU.ActiveCfg = Debug|Any CPU
		{442021D8-8D71-41A0-BC96-B62F44483550}.Debug|Any CPU.Build.0 = Debug|Any CPU
		{442021D8-8D71-41A0-BC96-B62F44483550}.Release|Any CPU.ActiveCfg = Release|Any CPU
		{442021D8-8D71-41A0-BC96-B62F44483550}.Release|Any CPU.Build.0 = Release|Any CPU
		{72F3861F-75BC-4504-9CC7-B7137D9BB2F1}.Debug|Any CPU.ActiveCfg = Debug|Any CPU
		{72F3861F-75BC-4504-9CC7-B7137D9BB2F1}.Debug|Any CPU.Build.0 = Debug|Any CPU
		{72F3861F-75BC-4504-9CC7-B7137D9BB2F1}.Release|Any CPU.ActiveCfg = Release|Any CPU
		{72F3861F-75BC-4504-9CC7-B7137D9BB2F1}.Release|Any CPU.Build.0 = Release|Any CPU
		{150B48D2-FB05-42AB-B4BF-7028F92CA52B}.Debug|Any CPU.ActiveCfg = Debug|Any CPU
		{150B48D2-FB05-42AB-B4BF-7028F92CA52B}.Debug|Any CPU.Build.0 = Debug|Any CPU
		{150B48D2-FB05-42AB-B4BF-7028F92CA52B}.Release|Any CPU.ActiveCfg = Release|Any CPU
		{150B48D2-FB05-42AB-B4BF-7028F92CA52B}.Release|Any CPU.Build.0 = Release|Any CPU
		{F365B48C-7F5A-4C33-A973-6B16B090168F}.Debug|Any CPU.ActiveCfg = Debug|Any CPU
		{F365B48C-7F5A-4C33-A973-6B16B090168F}.Debug|Any CPU.Build.0 = Debug|Any CPU
		{F365B48C-7F5A-4C33-A973-6B16B090168F}.Release|Any CPU.ActiveCfg = Release|Any CPU
		{F365B48C-7F5A-4C33-A973-6B16B090168F}.Release|Any CPU.Build.0 = Release|Any CPU
		{200591AB-B9A5-45DE-B825-4BEE349B744E}.Debug|Any CPU.ActiveCfg = Debug|Any CPU
		{200591AB-B9A5-45DE-B825-4BEE349B744E}.Debug|Any CPU.Build.0 = Debug|Any CPU
		{200591AB-B9A5-45DE-B825-4BEE349B744E}.Release|Any CPU.ActiveCfg = Release|Any CPU
		{200591AB-B9A5-45DE-B825-4BEE349B744E}.Release|Any CPU.Build.0 = Release|Any CPU
		{B39C3492-FBD3-4EDA-98B7-207DEF406392}.Debug|Any CPU.ActiveCfg = Debug|Any CPU
		{B39C3492-FBD3-4EDA-98B7-207DEF406392}.Debug|Any CPU.Build.0 = Debug|Any CPU
		{B39C3492-FBD3-4EDA-98B7-207DEF406392}.Release|Any CPU.ActiveCfg = Release|Any CPU
		{B39C3492-FBD3-4EDA-98B7-207DEF406392}.Release|Any CPU.Build.0 = Release|Any CPU
		{1E3BF245-A62B-4949-AD91-A87E0B453089}.Debug|Any CPU.ActiveCfg = Debug|Any CPU
		{1E3BF245-A62B-4949-AD91-A87E0B453089}.Debug|Any CPU.Build.0 = Debug|Any CPU
		{1E3BF245-A62B-4949-AD91-A87E0B453089}.Release|Any CPU.ActiveCfg = Release|Any CPU
		{1E3BF245-A62B-4949-AD91-A87E0B453089}.Release|Any CPU.Build.0 = Release|Any CPU
		{ABE045B5-BC92-4041-9E6F-10284512F4E4}.Debug|Any CPU.ActiveCfg = Debug|Any CPU
		{ABE045B5-BC92-4041-9E6F-10284512F4E4}.Debug|Any CPU.Build.0 = Debug|Any CPU
		{ABE045B5-BC92-4041-9E6F-10284512F4E4}.Release|Any CPU.ActiveCfg = Release|Any CPU
		{ABE045B5-BC92-4041-9E6F-10284512F4E4}.Release|Any CPU.Build.0 = Release|Any CPU
	EndGlobalSection
	GlobalSection(SolutionProperties) = preSolution
		HideSolutionNode = FALSE
	EndGlobalSection
	GlobalSection(NestedProjects) = preSolution
		{44AA465B-6C3C-4439-B8C9-6624B0230D4F} = {C2D782E1-D535-4614-B458-E1ABA1B4F5B1}
		{7B106678-09E5-41B2-87D0-98E8C035C7FD} = {C2D782E1-D535-4614-B458-E1ABA1B4F5B1}
		{F365B48C-7F5A-4C33-A973-6B16B090168F} = {C2D782E1-D535-4614-B458-E1ABA1B4F5B1}
		{200591AB-B9A5-45DE-B825-4BEE349B744E} = {C2D782E1-D535-4614-B458-E1ABA1B4F5B1}
		{B39C3492-FBD3-4EDA-98B7-207DEF406392} = {C2D782E1-D535-4614-B458-E1ABA1B4F5B1}
		{1E3BF245-A62B-4949-AD91-A87E0B453089} = {C939F925-0AD8-45CD-8D5D-9FAA5FDD26D1}
		{6A5463C6-84EF-4638-9655-BEE526813734} = {4B000918-9823-4B1D-89EE-09C44B573BEC}
		{BCEFA941-139E-4850-B5FF-B7A1AA9CDF8D} = {4B000918-9823-4B1D-89EE-09C44B573BEC}
		{ABE045B5-BC92-4041-9E6F-10284512F4E4} = {C2D782E1-D535-4614-B458-E1ABA1B4F5B1}
	EndGlobalSection
	GlobalSection(ExtensibilityGlobals) = postSolution
		SolutionGuid = {B6B05916-F30D-48AC-A463-B273D39789E5}
	EndGlobalSection
EndGlobal
