
Microsoft Visual Studio Solution File, Format Version 12.00
# Visual Studio Version 17
VisualStudioVersion = 17.1.31911.260
MinimumVisualStudioVersion = 10.0.40219.1
Project("{9A19103F-16F7-4668-BE54-9A1E7A4F7556}") = "GA.Business.Core", "Common\GA.Business.Core\GA.Business.Core.csproj", "{44AA465B-6C3C-4439-B8C9-6624B0230D4F}"
EndProject
Project("{2150E333-8FDC-42A3-9474-1A3956D46DE8}") = "Common", "Common", "{C2D782E1-D535-4614-B458-E1ABA1B4F5B1}"
EndProject
Project("{9A19103F-16F7-4668-BE54-9A1E7A4F7556}") = "GA.Core", "GA.Core\GA.Core.csproj", "{7B106678-09E5-41B2-87D0-98E8C035C7FD}"
EndProject
Project("{9A19103F-16F7-4668-BE54-9A1E7A4F7556}") = "GaCLI", "GaCLI\GaCLI.csproj", "{442021D8-8D71-41A0-BC96-B62F44483550}"
EndProject
Project("{9A19103F-16F7-4668-BE54-9A1E7A4F7556}") = "GA.Business.Core.Tests", "Tests\Common\GA.Business.Core.Tests\GA.Business.Core.Tests.csproj", "{72F3861F-75BC-4504-9CC7-B7137D9BB2F1}"
EndProject
Project("{2150E333-8FDC-42A3-9474-1A3956D46DE8}") = "_docs", "_docs", "{983FAA86-8005-4CFF-8796-E6D1A3B14F61}"
	ProjectSection(SolutionItems) = preProject
		ag-grid - Example 1.html = ag-grid - Example 1.html
		DevNotes.txt = DevNotes.txt
		Mermaid Example 1.html = Mermaid Example 1.html
		Mermaid Example 2.html = Mermaid Example 2.html
		docs\TuningChart.pdf = docs\TuningChart.pdf
		VexFlow Example.html = VexFlow Example.html
		VexTab - Key Signature.html = VexTab - Key Signature.html
		VexTab Example 1.html = VexTab Example 1.html
		VexTab Example 2.html = VexTab Example 2.html
	EndProjectSection
EndProject
Project("{9A19103F-16F7-4668-BE54-9A1E7A4F7556}") = "GA.WebBlazorApp", "GA.WebBlazorApp\GA.WebBlazorApp.csproj", "{150B48D2-FB05-42AB-B4BF-7028F92CA52B}"
EndProject
Project("{9A19103F-16F7-4668-BE54-9A1E7A4F7556}") = "GA.Business.Querying", "GA.Business.Querying\GA.Business.Querying.csproj", "{F365B48C-7F5A-4C33-A973-6B16B090168F}"
EndProject
Project("{9A19103F-16F7-4668-BE54-9A1E7A4F7556}") = "GA.Core.UI", "Common\GA.Core.UI\GA.Core.UI.csproj", "{200591AB-B9A5-45DE-B825-4BEE349B744E}"
EndProject
Project("{9A19103F-16F7-4668-BE54-9A1E7A4F7556}") = "GA.Business.Core.UI", "Common\GA.Business.Core.UI\GA.Business.Core.UI.csproj", "{B39C3492-FBD3-4EDA-98B7-207DEF406392}"
EndProject
Project("{2150E333-8FDC-42A3-9474-1A3956D46DE8}") = "Experiments", "Experiments", "{C939F925-0AD8-45CD-8D5D-9FAA5FDD26D1}"
EndProject
Project("{9A19103F-16F7-4668-BE54-9A1E7A4F7556}") = "UseGaNugetPackageExample", "Experiments\UseGaNugetPackageExample\UseGaNugetPackageExample.csproj", "{1E3BF245-A62B-4949-AD91-A87E0B453089}"
EndProject
Project("{2150E333-8FDC-42A3-9474-1A3956D46DE8}") = "Notebooks", "Notebooks", "{4B000918-9823-4B1D-89EE-09C44B573BEC}"
EndProject
Project("{2150E333-8FDC-42A3-9474-1A3956D46DE8}") = "Samples", "Samples", "{BCEFA941-139E-4850-B5FF-B7A1AA9CDF8D}"
	ProjectSection(SolutionItems) = preProject
		Notebooks\Samples\ExtensionLab-EF.ipynb = Notebooks\Samples\ExtensionLab-EF.ipynb
	EndProjectSection
EndProject
Project("{6EC3EE1D-3C4E-46DD-8F32-0CC8E7565705}") = "GA.Business.Config", "Common\GA.Business.Config\GA.Business.Config.fsproj", "{ABE045B5-BC92-4041-9E6F-10284512F4E4}"
EndProject
Project("{2150E333-8FDC-42A3-9474-1A3956D46DE8}") = "Instruments", "Instruments", "{4D843DFB-7896-46CA-A7F7-4309198B3347}"
	ProjectSection(SolutionItems) = preProject
		Notebooks\Instruments\Guitar Tunings.ipynb = Notebooks\Instruments\Guitar Tunings.ipynb
		Notebooks\Instruments\Instruments.ipynb = Notebooks\Instruments\Instruments.ipynb
		Notebooks\Instruments\Ukulele Tunings.ipynb = Notebooks\Instruments\Ukulele Tunings.ipynb
	EndProjectSection
EndProject
Project("{2150E333-8FDC-42A3-9474-1A3956D46DE8}") = "Scales", "Scales", "{3C7DA2B8-7207-4293-9FDB-C545BBDD8EEE}"
	ProjectSection(SolutionItems) = preProject
		Notebooks\Scales\Scale Modes - harmonic minor scale.ipynb = Notebooks\Scales\Scale Modes - harmonic minor scale.ipynb
		Notebooks\Scales\Scale Modes - major scale.ipynb = Notebooks\Scales\Scale Modes - major scale.ipynb
		Notebooks\Scales\Scale Modes - melodic minor scale.ipynb = Notebooks\Scales\Scale Modes - melodic minor scale.ipynb
	EndProjectSection
EndProject
Project("{2150E333-8FDC-42A3-9474-1A3956D46DE8}") = "Experiments", "Experiments", "{B2A60697-DB61-4FE8-BE50-B40C7B00D16A}"
	ProjectSection(SolutionItems) = preProject
		Notebooks\Experiments\F Sharp.ipynb = Notebooks\Experiments\F Sharp.ipynb
		Notebooks\Experiments\GA.ipynb = Notebooks\Experiments\GA.ipynb
		Notebooks\Experiments\Html link test.ipynb = Notebooks\Experiments\Html link test.ipynb
		Notebooks\Experiments\Random number.ipynb = Notebooks\Experiments\Random number.ipynb
	EndProjectSection
EndProject
Project("{9A19103F-16F7-4668-BE54-9A1E7A4F7556}") = "GA.Interactive", "Common\GA.Interactive\GA.Interactive.csproj", "{058789C3-AD98-478E-95A3-9ED33CA9C126}"
EndProject
Project("{9A19103F-16F7-4668-BE54-9A1E7A4F7556}") = "GA.InteractiveExtension", "Common\GA.InteractiveExtension\GA.InteractiveExtension.csproj", "{A643A661-8BAD-422C-9EEE-8EFB19FB4573}"
EndProject
Project("{2150E333-8FDC-42A3-9474-1A3956D46DE8}") = "Tests", "Tests", "{72EB4535-C097-43BD-BCB2-EA3095ADE06E}"
EndProject
Project("{9A19103F-16F7-4668-BE54-9A1E7A4F7556}") = "GA.InteractiveExtension.Tests", "Tests\Common\GA.InteractiveExtension\GA.InteractiveExtension.Tests.csproj", "{E678F730-F6CA-488B-A41E-013017E7D7C0}"
EndProject
Project("{9A19103F-16F7-4668-BE54-9A1E7A4F7556}") = "GA.Interactive.LocalNuGet", "Common\GA.Interactive.LocalNuGet\GA.Interactive.LocalNuGet.csproj", "{3D4A97EB-78AB-463E-9E25-50277401D41F}"
EndProject
Project("{2150E333-8FDC-42A3-9474-1A3956D46DE8}") = "Solution Items", "Solution Items", "{6CA2EDF0-E4DF-4DAC-B03A-43463ABDA847}"
EndProject
Global
	GlobalSection(SolutionConfigurationPlatforms) = preSolution
		Debug|Any CPU = Debug|Any CPU
		Release|Any CPU = Release|Any CPU
	EndGlobalSection
	GlobalSection(ProjectConfigurationPlatforms) = postSolution
		{44AA465B-6C3C-4439-B8C9-6624B0230D4F}.Debug|Any CPU.ActiveCfg = Debug|Any CPU
		{44AA465B-6C3C-4439-B8C9-6624B0230D4F}.Debug|Any CPU.Build.0 = Debug|Any CPU
		{44AA465B-6C3C-4439-B8C9-6624B0230D4F}.Release|Any CPU.ActiveCfg = Release|Any CPU
		{44AA465B-6C3C-4439-B8C9-6624B0230D4F}.Release|Any CPU.Build.0 = Release|Any CPU
		{7B106678-09E5-41B2-87D0-98E8C035C7FD}.Debug|Any CPU.ActiveCfg = Debug|Any CPU
		{7B106678-09E5-41B2-87D0-98E8C035C7FD}.Debug|Any CPU.Build.0 = Debug|Any CPU
		{7B106678-09E5-41B2-87D0-98E8C035C7FD}.Release|Any CPU.ActiveCfg = Release|Any CPU
		{7B106678-09E5-41B2-87D0-98E8C035C7FD}.Release|Any CPU.Build.0 = Release|Any CPU
		{442021D8-8D71-41A0-BC96-B62F44483550}.Debug|Any CPU.ActiveCfg = Debug|Any CPU
		{442021D8-8D71-41A0-BC96-B62F44483550}.Debug|Any CPU.Build.0 = Debug|Any CPU
		{442021D8-8D71-41A0-BC96-B62F44483550}.Release|Any CPU.ActiveCfg = Release|Any CPU
		{442021D8-8D71-41A0-BC96-B62F44483550}.Release|Any CPU.Build.0 = Release|Any CPU
		{72F3861F-75BC-4504-9CC7-B7137D9BB2F1}.Debug|Any CPU.ActiveCfg = Debug|Any CPU
		{72F3861F-75BC-4504-9CC7-B7137D9BB2F1}.Debug|Any CPU.Build.0 = Debug|Any CPU
		{72F3861F-75BC-4504-9CC7-B7137D9BB2F1}.Release|Any CPU.ActiveCfg = Release|Any CPU
		{72F3861F-75BC-4504-9CC7-B7137D9BB2F1}.Release|Any CPU.Build.0 = Release|Any CPU
		{150B48D2-FB05-42AB-B4BF-7028F92CA52B}.Debug|Any CPU.ActiveCfg = Debug|Any CPU
		{150B48D2-FB05-42AB-B4BF-7028F92CA52B}.Debug|Any CPU.Build.0 = Debug|Any CPU
		{150B48D2-FB05-42AB-B4BF-7028F92CA52B}.Release|Any CPU.ActiveCfg = Release|Any CPU
		{150B48D2-FB05-42AB-B4BF-7028F92CA52B}.Release|Any CPU.Build.0 = Release|Any CPU
		{F365B48C-7F5A-4C33-A973-6B16B090168F}.Debug|Any CPU.ActiveCfg = Debug|Any CPU
		{F365B48C-7F5A-4C33-A973-6B16B090168F}.Debug|Any CPU.Build.0 = Debug|Any CPU
		{F365B48C-7F5A-4C33-A973-6B16B090168F}.Release|Any CPU.ActiveCfg = Release|Any CPU
		{F365B48C-7F5A-4C33-A973-6B16B090168F}.Release|Any CPU.Build.0 = Release|Any CPU
		{200591AB-B9A5-45DE-B825-4BEE349B744E}.Debug|Any CPU.ActiveCfg = Debug|Any CPU
		{200591AB-B9A5-45DE-B825-4BEE349B744E}.Debug|Any CPU.Build.0 = Debug|Any CPU
		{200591AB-B9A5-45DE-B825-4BEE349B744E}.Release|Any CPU.ActiveCfg = Release|Any CPU
		{200591AB-B9A5-45DE-B825-4BEE349B744E}.Release|Any CPU.Build.0 = Release|Any CPU
		{B39C3492-FBD3-4EDA-98B7-207DEF406392}.Debug|Any CPU.ActiveCfg = Debug|Any CPU
		{B39C3492-FBD3-4EDA-98B7-207DEF406392}.Debug|Any CPU.Build.0 = Debug|Any CPU
		{B39C3492-FBD3-4EDA-98B7-207DEF406392}.Release|Any CPU.ActiveCfg = Release|Any CPU
		{B39C3492-FBD3-4EDA-98B7-207DEF406392}.Release|Any CPU.Build.0 = Release|Any CPU
		{1E3BF245-A62B-4949-AD91-A87E0B453089}.Debug|Any CPU.ActiveCfg = Debug|Any CPU
		{1E3BF245-A62B-4949-AD91-A87E0B453089}.Debug|Any CPU.Build.0 = Debug|Any CPU
		{1E3BF245-A62B-4949-AD91-A87E0B453089}.Release|Any CPU.ActiveCfg = Release|Any CPU
		{1E3BF245-A62B-4949-AD91-A87E0B453089}.Release|Any CPU.Build.0 = Release|Any CPU
		{ABE045B5-BC92-4041-9E6F-10284512F4E4}.Debug|Any CPU.ActiveCfg = Debug|Any CPU
		{ABE045B5-BC92-4041-9E6F-10284512F4E4}.Debug|Any CPU.Build.0 = Debug|Any CPU
		{ABE045B5-BC92-4041-9E6F-10284512F4E4}.Release|Any CPU.ActiveCfg = Release|Any CPU
		{ABE045B5-BC92-4041-9E6F-10284512F4E4}.Release|Any CPU.Build.0 = Release|Any CPU
		{058789C3-AD98-478E-95A3-9ED33CA9C126}.Debug|Any CPU.ActiveCfg = Debug|Any CPU
		{058789C3-AD98-478E-95A3-9ED33CA9C126}.Debug|Any CPU.Build.0 = Debug|Any CPU
		{058789C3-AD98-478E-95A3-9ED33CA9C126}.Release|Any CPU.ActiveCfg = Release|Any CPU
		{058789C3-AD98-478E-95A3-9ED33CA9C126}.Release|Any CPU.Build.0 = Release|Any CPU
		{A643A661-8BAD-422C-9EEE-8EFB19FB4573}.Debug|Any CPU.ActiveCfg = Debug|Any CPU
		{A643A661-8BAD-422C-9EEE-8EFB19FB4573}.Debug|Any CPU.Build.0 = Debug|Any CPU
		{A643A661-8BAD-422C-9EEE-8EFB19FB4573}.Release|Any CPU.ActiveCfg = Release|Any CPU
		{A643A661-8BAD-422C-9EEE-8EFB19FB4573}.Release|Any CPU.Build.0 = Release|Any CPU
		{E678F730-F6CA-488B-A41E-013017E7D7C0}.Debug|Any CPU.ActiveCfg = Debug|Any CPU
		{E678F730-F6CA-488B-A41E-013017E7D7C0}.Debug|Any CPU.Build.0 = Debug|Any CPU
		{E678F730-F6CA-488B-A41E-013017E7D7C0}.Release|Any CPU.ActiveCfg = Release|Any CPU
		{E678F730-F6CA-488B-A41E-013017E7D7C0}.Release|Any CPU.Build.0 = Release|Any CPU
		{3D4A97EB-78AB-463E-9E25-50277401D41F}.Debug|Any CPU.ActiveCfg = Debug|Any CPU
		{3D4A97EB-78AB-463E-9E25-50277401D41F}.Debug|Any CPU.Build.0 = Debug|Any CPU
		{3D4A97EB-78AB-463E-9E25-50277401D41F}.Release|Any CPU.ActiveCfg = Release|Any CPU
		{3D4A97EB-78AB-463E-9E25-50277401D41F}.Release|Any CPU.Build.0 = Release|Any CPU
	EndGlobalSection
	GlobalSection(SolutionProperties) = preSolution
		HideSolutionNode = FALSE
	EndGlobalSection
	GlobalSection(NestedProjects) = preSolution
		{44AA465B-6C3C-4439-B8C9-6624B0230D4F} = {C2D782E1-D535-4614-B458-E1ABA1B4F5B1}
		{7B106678-09E5-41B2-87D0-98E8C035C7FD} = {C2D782E1-D535-4614-B458-E1ABA1B4F5B1}
		{72F3861F-75BC-4504-9CC7-B7137D9BB2F1} = {72EB4535-C097-43BD-BCB2-EA3095ADE06E}
		{F365B48C-7F5A-4C33-A973-6B16B090168F} = {C2D782E1-D535-4614-B458-E1ABA1B4F5B1}
		{200591AB-B9A5-45DE-B825-4BEE349B744E} = {C2D782E1-D535-4614-B458-E1ABA1B4F5B1}
		{B39C3492-FBD3-4EDA-98B7-207DEF406392} = {C2D782E1-D535-4614-B458-E1ABA1B4F5B1}
		{1E3BF245-A62B-4949-AD91-A87E0B453089} = {C939F925-0AD8-45CD-8D5D-9FAA5FDD26D1}
		{BCEFA941-139E-4850-B5FF-B7A1AA9CDF8D} = {4B000918-9823-4B1D-89EE-09C44B573BEC}
		{ABE045B5-BC92-4041-9E6F-10284512F4E4} = {C2D782E1-D535-4614-B458-E1ABA1B4F5B1}
		{4D843DFB-7896-46CA-A7F7-4309198B3347} = {4B000918-9823-4B1D-89EE-09C44B573BEC}
		{3C7DA2B8-7207-4293-9FDB-C545BBDD8EEE} = {4B000918-9823-4B1D-89EE-09C44B573BEC}
		{B2A60697-DB61-4FE8-BE50-B40C7B00D16A} = {4B000918-9823-4B1D-89EE-09C44B573BEC}
		{058789C3-AD98-478E-95A3-9ED33CA9C126} = {C2D782E1-D535-4614-B458-E1ABA1B4F5B1}
		{A643A661-8BAD-422C-9EEE-8EFB19FB4573} = {C2D782E1-D535-4614-B458-E1ABA1B4F5B1}
		{E678F730-F6CA-488B-A41E-013017E7D7C0} = {72EB4535-C097-43BD-BCB2-EA3095ADE06E}
		{3D4A97EB-78AB-463E-9E25-50277401D41F} = {C2D782E1-D535-4614-B458-E1ABA1B4F5B1}
	EndGlobalSection
	GlobalSection(ExtensibilityGlobals) = postSolution
		SolutionGuid = {B6B05916-F30D-48AC-A463-B273D39789E5}
	EndGlobalSection
EndGlobal
