
Microsoft Visual Studio Solution File, Format Version 12.00
# 17
VisualStudioVersion = 17.1.31911.260
MinimumVisualStudioVersion = 10.0.40219.1
Project("{9A19103F-16F7-4668-BE54-9A1E7A4F7556}") = "GA.Business.Core", "Common\GA.Business.Core\GA.Business.Core.csproj", "{44AA465B-6C3C-4439-B8C9-6624B0230D4F}"
EndProject
Project("{2150E333-8FDC-42A3-9474-1A3956D46DE8}") = "Common", "Common", "{C2D782E1-D535-4614-B458-E1ABA1B4F5B1}"
EndProject
Project("{9A19103F-16F7-4668-BE54-9A1E7A4F7556}") = "GaCLI", "GaCLI\GaCLI.csproj", "{442021D8-8D71-41A0-BC96-B62F44483550}"
EndProject
Project("{9A19103F-16F7-4668-BE54-9A1E7A4F7556}") = "GA.Business.Core.Tests", "Tests\Common\GA.Business.Core.Tests\GA.Business.Core.Tests.csproj", "{72F3861F-75BC-4504-9CC7-B7137D9BB2F1}"
EndProject
Project("{2150E333-8FDC-42A3-9474-1A3956D46DE8}") = "_docs", "_docs", "{983FAA86-8005-4CFF-8796-E6D1A3B14F61}"
	ProjectSection(SolutionItems) = preProject
		docs\TuningChart.pdf = docs\TuningChart.pdf
		docs\Tunings.txt = docs\Tunings.txt
	EndProjectSection
EndProject
Project("{9A19103F-16F7-4668-BE54-9A1E7A4F7556}") = "GA.WebBlazorApp", "GA.WebBlazorApp\GA.WebBlazorApp.csproj", "{150B48D2-FB05-42AB-B4BF-7028F92CA52B}"
EndProject
Project("{9A19103F-16F7-4668-BE54-9A1E7A4F7556}") = "GA.Core.UI", "Common\GA.Core.UI\GA.Core.UI.csproj", "{200591AB-B9A5-45DE-B825-4BEE349B744E}"
EndProject
Project("{9A19103F-16F7-4668-BE54-9A1E7A4F7556}") = "GA.Business.Core.UI", "Common\GA.Business.Core.UI\GA.Business.Core.UI.csproj", "{B39C3492-FBD3-4EDA-98B7-207DEF406392}"
EndProject
Project("{2150E333-8FDC-42A3-9474-1A3956D46DE8}") = "Experiments", "Experiments", "{C939F925-0AD8-45CD-8D5D-9FAA5FDD26D1}"
EndProject
Project("{9A19103F-16F7-4668-BE54-9A1E7A4F7556}") = "UseGaNugetPackageExample", "Experiments\UseGaNugetPackageExample\UseGaNugetPackageExample.csproj", "{1E3BF245-A62B-4949-AD91-A87E0B453089}"
EndProject
Project("{2150E333-8FDC-42A3-9474-1A3956D46DE8}") = "Notebooks", "Notebooks", "{4B000918-9823-4B1D-89EE-09C44B573BEC}"
EndProject
Project("{2150E333-8FDC-42A3-9474-1A3956D46DE8}") = "Samples", "Samples", "{BCEFA941-139E-4850-B5FF-B7A1AA9CDF8D}"
	ProjectSection(SolutionItems) = preProject
		Notebooks\Samples\ExtensionLab-EF.ipynb = Notebooks\Samples\ExtensionLab-EF.ipynb
	EndProjectSection
EndProject
Project("{6EC3EE1D-3C4E-46DD-8F32-0CC8E7565705}") = "GA.Business.Config", "Common\GA.Business.Config\GA.Business.Config.fsproj", "{ABE045B5-BC92-4041-9E6F-10284512F4E4}"
EndProject
Project("{2150E333-8FDC-42A3-9474-1A3956D46DE8}") = "Experiments", "Experiments", "{B2A60697-DB61-4FE8-BE50-B40C7B00D16A}"
	ProjectSection(SolutionItems) = preProject
		Notebooks\Experiments\agGrid.ipynb = Notebooks\Experiments\agGrid.ipynb
		Notebooks\Experiments\ASP Net Core.ipynb = Notebooks\Experiments\ASP Net Core.ipynb
		Notebooks\Experiments\COVID-19.ipynb = Notebooks\Experiments\COVID-19.ipynb
		Notebooks\Experiments\d3js.ipynb = Notebooks\Experiments\d3js.ipynb
		Notebooks\Experiments\F Sharp.ipynb = Notebooks\Experiments\F Sharp.ipynb
		Notebooks\Experiments\GA.ipynb = Notebooks\Experiments\GA.ipynb
		Notebooks\Experiments\Html link test.ipynb = Notebooks\Experiments\Html link test.ipynb
		Notebooks\Experiments\Interactive.ipynb = Notebooks\Experiments\Interactive.ipynb
		Notebooks\Experiments\IPlot.ipynb = Notebooks\Experiments\IPlot.ipynb
		Notebooks\Experiments\Raphael.ipynb = Notebooks\Experiments\Raphael.ipynb
	EndProjectSection
EndProject
Project("{9A19103F-16F7-4668-BE54-9A1E7A4F7556}") = "GA.Interactive", "Common\GA.Interactive\GA.Interactive.csproj", "{058789C3-AD98-478E-95A3-9ED33CA9C126}"
EndProject
Project("{9A19103F-16F7-4668-BE54-9A1E7A4F7556}") = "GA.InteractiveExtension", "Common\GA.InteractiveExtension\GA.InteractiveExtension.csproj", "{A643A661-8BAD-422C-9EEE-8EFB19FB4573}"
EndProject
Project("{2150E333-8FDC-42A3-9474-1A3956D46DE8}") = "Tests", "Tests", "{72EB4535-C097-43BD-BCB2-EA3095ADE06E}"
EndProject
Project("{9A19103F-16F7-4668-BE54-9A1E7A4F7556}") = "GA.InteractiveExtension.Tests", "Tests\Common\GA.InteractiveExtension\GA.InteractiveExtension.Tests.csproj", "{E678F730-F6CA-488B-A41E-013017E7D7C0}"
EndProject
Project("{9A19103F-16F7-4668-BE54-9A1E7A4F7556}") = "GA.Interactive.LocalNuGet", "Common\GA.Interactive.LocalNuGet\GA.Interactive.LocalNuGet.csproj", "{3D4A97EB-78AB-463E-9E25-50277401D41F}"
EndProject
Project("{2150E333-8FDC-42A3-9474-1A3956D46DE8}") = "Solution Items", "Solution Items", "{6CA2EDF0-E4DF-4DAC-B03A-43463ABDA847}"
	ProjectSection(SolutionItems) = preProject
		DevNotes.txt = DevNotes.txt
		README.md = README.md
		RemoveBinObj.ps1 = RemoveBinObj.ps1
	EndProjectSection
EndProject
Project("{6EC3EE1D-3C4E-46DD-8F32-0CC8E7565705}") = "GA.Business.Querying", "Common\GA.Business.Querying\GA.Business.Querying.fsproj", "{901EA9E7-86FF-4559-AA67-DAEE0BA6B55D}"
EndProject
Project("{2150E333-8FDC-42A3-9474-1A3956D46DE8}") = "Scripts", "Scripts", "{D83C83DA-262F-4C8A-9C81-17D4C6A70EF5}"
	ProjectSection(SolutionItems) = preProject
		Scripts\BinObj.fsx = Scripts\BinObj.fsx
		Scripts\Consume GA NuGet packages.fsx = Scripts\Consume GA NuGet packages.fsx
	EndProjectSection
EndProject
Project("{2150E333-8FDC-42A3-9474-1A3956D46DE8}") = "Html Examples", "Html Examples", "{9325B676-17E0-4A55-A204-4187BDC6FF14}"
	ProjectSection(SolutionItems) = preProject
		docs\Html Examples\ag-grid - Example - RequireJS.html = docs\Html Examples\ag-grid - Example - RequireJS.html
		docs\Html Examples\ag-grid - Example 1.html = docs\Html Examples\ag-grid - Example 1.html
		docs\Html Examples\d3js Example - RequireJs.html = docs\Html Examples\d3js Example - RequireJs.html
		docs\Html Examples\Force-graph 3d.html = docs\Html Examples\Force-graph 3d.html
		docs\Html Examples\Force-graph.html = docs\Html Examples\Force-graph.html
		docs\Html Examples\Mermaid Example 1.html = docs\Html Examples\Mermaid Example 1.html
		docs\Html Examples\Mermaid Example 2.html = docs\Html Examples\Mermaid Example 2.html
		docs\Html Examples\Plotly Example.html = docs\Html Examples\Plotly Example.html
		docs\Html Examples\RequireJS Template.html = docs\Html Examples\RequireJS Template.html
		docs\Html Examples\response.html = docs\Html Examples\response.html
		docs\Html Examples\Twojs Example - RequireJs.html = docs\Html Examples\Twojs Example - RequireJs.html
		docs\Html Examples\Twojs Example.html = docs\Html Examples\Twojs Example.html
		docs\Html Examples\Verivio Example.html = docs\Html Examples\Verivio Example.html
		docs\Html Examples\VexFlow Example.html = docs\Html Examples\VexFlow Example.html
		docs\Html Examples\VexTab - Key Signature.html = docs\Html Examples\VexTab - Key Signature.html
		docs\Html Examples\VexTab Example 1.html = docs\Html Examples\VexTab Example 1.html
		docs\Html Examples\VexTab Example 2.html = docs\Html Examples\VexTab Example 2.html
	EndProjectSection
EndProject
Project("{9A19103F-16F7-4668-BE54-9A1E7A4F7556}") = "GA.Core", "Common\GA.Core\GA.Core.csproj", "{7E66265F-5DC1-46F9-9B45-918F210DF785}"
EndProject
Project("{9A19103F-16F7-4668-BE54-9A1E7A4F7556}") = "GA.Business.Core.AI", "Common\GA.Business.Core.AI\GA.Business.Core.AI.csproj", "{9B05C29E-F080-4C7A-9852-9DC54A3E0DED}"
EndProject
Project("{2150E333-8FDC-42A3-9474-1A3956D46DE8}") = "GA", "GA", "{CA2FDC53-68EE-4C24-B9B8-9C2DC136912F}"
	ProjectSection(SolutionItems) = preProject
		Notebooks\GA\Assets.ipynb = Notebooks\GA\Assets.ipynb
		Notebooks\GA\Guitar Tunings.ipynb = Notebooks\GA\Guitar Tunings.ipynb
		Notebooks\GA\Instruments.ipynb = Notebooks\GA\Instruments.ipynb
		Notebooks\GA\Keys.ipynb = Notebooks\GA\Keys.ipynb
		Notebooks\GA\Notes.ipynb = Notebooks\GA\Notes.ipynb
		Notebooks\GA\Scale Modes - harmonic minor scale.ipynb = Notebooks\GA\Scale Modes - harmonic minor scale.ipynb
		Notebooks\GA\Scale Modes - major scale.ipynb = Notebooks\GA\Scale Modes - major scale.ipynb
		Notebooks\GA\Scale Modes - melodic minor scale.ipynb = Notebooks\GA\Scale Modes - melodic minor scale.ipynb
		Notebooks\GA\Ukulele Tunings.ipynb = Notebooks\GA\Ukulele Tunings.ipynb
	EndProjectSection
EndProject
Project("{2150E333-8FDC-42A3-9474-1A3956D46DE8}") = "_Local Ga.Interactive NuGet", "_Local Ga.Interactive NuGet", "{48D79B59-245D-4A7F-815D-3C6A61A727E2}"
	ProjectSection(SolutionItems) = preProject
		Notebooks\GA\_Local Ga.Interactive NuGet\Local NuGet smoke test.ipynb = Notebooks\GA\_Local Ga.Interactive NuGet\Local NuGet smoke test.ipynb
	EndProjectSection
EndProject
Project("{6EC3EE1D-3C4E-46DD-8F32-0CC8E7565705}") = "GA.Business.Core.TypeProviders", "Common\GA.Business.Core.Generated\GA.Business.Core.TypeProviders.fsproj", "{60E29D23-29FE-417C-A8DB-CD17093459FC}"
EndProject
Project("{2150E333-8FDC-42A3-9474-1A3956D46DE8}") = "Apps", "Apps", "{109948EF-CC22-40C0-86CE-979BF9F37BBA}"
EndProject
Project("{9A19103F-16F7-4668-BE54-9A1E7A4F7556}") = "GuitarChordProgressionMCTS", "GuitarChordProgressionMCTS\GuitarChordProgressionMCTS.csproj", "{3E4243D2-2E9D-4E12-A0E4-AD00DEB091F9}"
EndProject
Project("{2150E333-8FDC-42A3-9474-1A3956D46DE8}") = "React", "React", "{ADB074F9-1D69-4063-805D-8483A10E517A}"
EndProject
Project("{54A90642-561A-4BB1-A94E-469ADEE60C69}") = "reactapp1.client", "Experiments\React\reactapp1.client\reactapp1.client.esproj", "{9DC477E1-F308-4CC1-8CB0-08AA0825B5A7}"
EndProject
Project("{9A19103F-16F7-4668-BE54-9A1E7A4F7556}") = "ReactApp1.Server", "Experiments\React\ReactApp1.Server\ReactApp1.Server.csproj", "{CB2B1BB2-0483-44F2-8248-1DED29FF87D2}"
EndProject
Project("{9A19103F-16F7-4668-BE54-9A1E7A4F7556}") = "GaApi", "Apps\ga-server\GaApi\GaApi.csproj", "{00765CEA-499D-4535-9C03-3DB40E39AC84}"
EndProject
Project("{2150E333-8FDC-42A3-9474-1A3956D46DE8}") = "ReactComponents", "ReactComponents", "{91F9F5FD-066A-4820-BA5C-F9725B6C0492}"
EndProject
Project("{FAE04EC0-301F-11D3-BF4B-00C04F79EFBC}") = "MyFirstMCP", "Experiments\MyFirstMCP\MyFirstMCP.csproj", "{63F13854-AED8-45AE-BFE8-ED6AFFFFAD5E}"
EndProject
Project("{FAE04EC0-301F-11D3-BF4B-00C04F79EFBC}") = "GaMcpServer", "GaMcpServer\GaMcpServer.csproj", "{B8FD5EF8-C122-4205-A2C4-C2D483054E5F}"
EndProject
Global
	GlobalSection(SolutionConfigurationPlatforms) = preSolution
		Debug|Any CPU = Debug|Any CPU
		net7.0|Any CPU = net7.0|Any CPU
		Release|Any CPU = Release|Any CPU
	EndGlobalSection
	GlobalSection(ProjectConfigurationPlatforms) = postSolution
		{44AA465B-6C3C-4439-B8C9-6624B0230D4F}.Debug|Any CPU.ActiveCfg = Debug|Any CPU
		{44AA465B-6C3C-4439-B8C9-6624B0230D4F}.Debug|Any CPU.Build.0 = Debug|Any CPU
		{44AA465B-6C3C-4439-B8C9-6624B0230D4F}.net7.0|Any CPU.ActiveCfg = net7.0|Any CPU
		{44AA465B-6C3C-4439-B8C9-6624B0230D4F}.net7.0|Any CPU.Build.0 = net7.0|Any CPU
		{44AA465B-6C3C-4439-B8C9-6624B0230D4F}.Release|Any CPU.ActiveCfg = Release|Any CPU
		{44AA465B-6C3C-4439-B8C9-6624B0230D4F}.Release|Any CPU.Build.0 = Release|Any CPU
		{442021D8-8D71-41A0-BC96-B62F44483550}.Debug|Any CPU.ActiveCfg = Debug|Any CPU
		{442021D8-8D71-41A0-BC96-B62F44483550}.Debug|Any CPU.Build.0 = Debug|Any CPU
		{442021D8-8D71-41A0-BC96-B62F44483550}.net7.0|Any CPU.ActiveCfg = net7.0|Any CPU
		{442021D8-8D71-41A0-BC96-B62F44483550}.net7.0|Any CPU.Build.0 = net7.0|Any CPU
		{442021D8-8D71-41A0-BC96-B62F44483550}.Release|Any CPU.ActiveCfg = Release|Any CPU
		{442021D8-8D71-41A0-BC96-B62F44483550}.Release|Any CPU.Build.0 = Release|Any CPU
		{72F3861F-75BC-4504-9CC7-B7137D9BB2F1}.Debug|Any CPU.ActiveCfg = Debug|Any CPU
		{72F3861F-75BC-4504-9CC7-B7137D9BB2F1}.Debug|Any CPU.Build.0 = Debug|Any CPU
		{72F3861F-75BC-4504-9CC7-B7137D9BB2F1}.net7.0|Any CPU.ActiveCfg = net7.0|Any CPU
		{72F3861F-75BC-4504-9CC7-B7137D9BB2F1}.net7.0|Any CPU.Build.0 = net7.0|Any CPU
		{72F3861F-75BC-4504-9CC7-B7137D9BB2F1}.Release|Any CPU.ActiveCfg = Release|Any CPU
		{72F3861F-75BC-4504-9CC7-B7137D9BB2F1}.Release|Any CPU.Build.0 = Release|Any CPU
		{150B48D2-FB05-42AB-B4BF-7028F92CA52B}.Debug|Any CPU.ActiveCfg = Debug|Any CPU
		{150B48D2-FB05-42AB-B4BF-7028F92CA52B}.Debug|Any CPU.Build.0 = Debug|Any CPU
		{150B48D2-FB05-42AB-B4BF-7028F92CA52B}.net7.0|Any CPU.ActiveCfg = net7.0|Any CPU
		{150B48D2-FB05-42AB-B4BF-7028F92CA52B}.net7.0|Any CPU.Build.0 = net7.0|Any CPU
		{150B48D2-FB05-42AB-B4BF-7028F92CA52B}.Release|Any CPU.ActiveCfg = Release|Any CPU
		{150B48D2-FB05-42AB-B4BF-7028F92CA52B}.Release|Any CPU.Build.0 = Release|Any CPU
		{200591AB-B9A5-45DE-B825-4BEE349B744E}.Debug|Any CPU.ActiveCfg = Debug|Any CPU
		{200591AB-B9A5-45DE-B825-4BEE349B744E}.Debug|Any CPU.Build.0 = Debug|Any CPU
		{200591AB-B9A5-45DE-B825-4BEE349B744E}.net7.0|Any CPU.ActiveCfg = net7.0|Any CPU
		{200591AB-B9A5-45DE-B825-4BEE349B744E}.net7.0|Any CPU.Build.0 = net7.0|Any CPU
		{200591AB-B9A5-45DE-B825-4BEE349B744E}.Release|Any CPU.ActiveCfg = Release|Any CPU
		{200591AB-B9A5-45DE-B825-4BEE349B744E}.Release|Any CPU.Build.0 = Release|Any CPU
		{B39C3492-FBD3-4EDA-98B7-207DEF406392}.Debug|Any CPU.ActiveCfg = Debug|Any CPU
		{B39C3492-FBD3-4EDA-98B7-207DEF406392}.Debug|Any CPU.Build.0 = Debug|Any CPU
		{B39C3492-FBD3-4EDA-98B7-207DEF406392}.net7.0|Any CPU.ActiveCfg = net7.0|Any CPU
		{B39C3492-FBD3-4EDA-98B7-207DEF406392}.net7.0|Any CPU.Build.0 = net7.0|Any CPU
		{B39C3492-FBD3-4EDA-98B7-207DEF406392}.Release|Any CPU.ActiveCfg = Release|Any CPU
		{B39C3492-FBD3-4EDA-98B7-207DEF406392}.Release|Any CPU.Build.0 = Release|Any CPU
		{1E3BF245-A62B-4949-AD91-A87E0B453089}.Debug|Any CPU.ActiveCfg = Debug|Any CPU
		{1E3BF245-A62B-4949-AD91-A87E0B453089}.Debug|Any CPU.Build.0 = Debug|Any CPU
		{1E3BF245-A62B-4949-AD91-A87E0B453089}.net7.0|Any CPU.ActiveCfg = net7.0|Any CPU
		{1E3BF245-A62B-4949-AD91-A87E0B453089}.net7.0|Any CPU.Build.0 = net7.0|Any CPU
		{1E3BF245-A62B-4949-AD91-A87E0B453089}.Release|Any CPU.ActiveCfg = Release|Any CPU
		{1E3BF245-A62B-4949-AD91-A87E0B453089}.Release|Any CPU.Build.0 = Release|Any CPU
		{ABE045B5-BC92-4041-9E6F-10284512F4E4}.Debug|Any CPU.ActiveCfg = Debug|Any CPU
		{ABE045B5-BC92-4041-9E6F-10284512F4E4}.Debug|Any CPU.Build.0 = Debug|Any CPU
		{ABE045B5-BC92-4041-9E6F-10284512F4E4}.net7.0|Any CPU.ActiveCfg = net7.0|Any CPU
		{ABE045B5-BC92-4041-9E6F-10284512F4E4}.net7.0|Any CPU.Build.0 = net7.0|Any CPU
		{ABE045B5-BC92-4041-9E6F-10284512F4E4}.Release|Any CPU.ActiveCfg = Release|Any CPU
		{ABE045B5-BC92-4041-9E6F-10284512F4E4}.Release|Any CPU.Build.0 = Release|Any CPU
		{058789C3-AD98-478E-95A3-9ED33CA9C126}.Debug|Any CPU.ActiveCfg = Debug|Any CPU
		{058789C3-AD98-478E-95A3-9ED33CA9C126}.Debug|Any CPU.Build.0 = Debug|Any CPU
		{058789C3-AD98-478E-95A3-9ED33CA9C126}.net7.0|Any CPU.ActiveCfg = net7.0|Any CPU
		{058789C3-AD98-478E-95A3-9ED33CA9C126}.net7.0|Any CPU.Build.0 = net7.0|Any CPU
		{058789C3-AD98-478E-95A3-9ED33CA9C126}.Release|Any CPU.ActiveCfg = Release|Any CPU
		{058789C3-AD98-478E-95A3-9ED33CA9C126}.Release|Any CPU.Build.0 = Release|Any CPU
		{A643A661-8BAD-422C-9EEE-8EFB19FB4573}.Debug|Any CPU.ActiveCfg = Debug|Any CPU
		{A643A661-8BAD-422C-9EEE-8EFB19FB4573}.Debug|Any CPU.Build.0 = Debug|Any CPU
		{A643A661-8BAD-422C-9EEE-8EFB19FB4573}.net7.0|Any CPU.ActiveCfg = net7.0|Any CPU
		{A643A661-8BAD-422C-9EEE-8EFB19FB4573}.net7.0|Any CPU.Build.0 = net7.0|Any CPU
		{A643A661-8BAD-422C-9EEE-8EFB19FB4573}.Release|Any CPU.ActiveCfg = Release|Any CPU
		{A643A661-8BAD-422C-9EEE-8EFB19FB4573}.Release|Any CPU.Build.0 = Release|Any CPU
		{E678F730-F6CA-488B-A41E-013017E7D7C0}.Debug|Any CPU.ActiveCfg = Debug|Any CPU
		{E678F730-F6CA-488B-A41E-013017E7D7C0}.Debug|Any CPU.Build.0 = Debug|Any CPU
		{E678F730-F6CA-488B-A41E-013017E7D7C0}.net7.0|Any CPU.ActiveCfg = net7.0|Any CPU
		{E678F730-F6CA-488B-A41E-013017E7D7C0}.net7.0|Any CPU.Build.0 = net7.0|Any CPU
		{E678F730-F6CA-488B-A41E-013017E7D7C0}.Release|Any CPU.ActiveCfg = Release|Any CPU
		{E678F730-F6CA-488B-A41E-013017E7D7C0}.Release|Any CPU.Build.0 = Release|Any CPU
		{3D4A97EB-78AB-463E-9E25-50277401D41F}.Debug|Any CPU.ActiveCfg = Debug|Any CPU
		{3D4A97EB-78AB-463E-9E25-50277401D41F}.Debug|Any CPU.Build.0 = Debug|Any CPU
		{3D4A97EB-78AB-463E-9E25-50277401D41F}.net7.0|Any CPU.ActiveCfg = net7.0|Any CPU
		{3D4A97EB-78AB-463E-9E25-50277401D41F}.net7.0|Any CPU.Build.0 = net7.0|Any CPU
		{3D4A97EB-78AB-463E-9E25-50277401D41F}.Release|Any CPU.ActiveCfg = Release|Any CPU
		{3D4A97EB-78AB-463E-9E25-50277401D41F}.Release|Any CPU.Build.0 = Release|Any CPU
		{901EA9E7-86FF-4559-AA67-DAEE0BA6B55D}.Debug|Any CPU.ActiveCfg = Debug|Any CPU
		{901EA9E7-86FF-4559-AA67-DAEE0BA6B55D}.Debug|Any CPU.Build.0 = Debug|Any CPU
		{901EA9E7-86FF-4559-AA67-DAEE0BA6B55D}.net7.0|Any CPU.ActiveCfg = Debug|Any CPU
		{901EA9E7-86FF-4559-AA67-DAEE0BA6B55D}.net7.0|Any CPU.Build.0 = Debug|Any CPU
		{901EA9E7-86FF-4559-AA67-DAEE0BA6B55D}.Release|Any CPU.ActiveCfg = Release|Any CPU
		{901EA9E7-86FF-4559-AA67-DAEE0BA6B55D}.Release|Any CPU.Build.0 = Release|Any CPU
		{7E66265F-5DC1-46F9-9B45-918F210DF785}.Debug|Any CPU.ActiveCfg = Debug|Any CPU
		{7E66265F-5DC1-46F9-9B45-918F210DF785}.Debug|Any CPU.Build.0 = Debug|Any CPU
		{7E66265F-5DC1-46F9-9B45-918F210DF785}.net7.0|Any CPU.ActiveCfg = net7.0|Any CPU
		{7E66265F-5DC1-46F9-9B45-918F210DF785}.net7.0|Any CPU.Build.0 = net7.0|Any CPU
		{7E66265F-5DC1-46F9-9B45-918F210DF785}.Release|Any CPU.ActiveCfg = Release|Any CPU
		{7E66265F-5DC1-46F9-9B45-918F210DF785}.Release|Any CPU.Build.0 = Release|Any CPU
		{9B05C29E-F080-4C7A-9852-9DC54A3E0DED}.Debug|Any CPU.ActiveCfg = Debug|Any CPU
		{9B05C29E-F080-4C7A-9852-9DC54A3E0DED}.Debug|Any CPU.Build.0 = Debug|Any CPU
		{9B05C29E-F080-4C7A-9852-9DC54A3E0DED}.net7.0|Any CPU.ActiveCfg = Debug|Any CPU
		{9B05C29E-F080-4C7A-9852-9DC54A3E0DED}.net7.0|Any CPU.Build.0 = Debug|Any CPU
		{9B05C29E-F080-4C7A-9852-9DC54A3E0DED}.Release|Any CPU.ActiveCfg = Release|Any CPU
		{9B05C29E-F080-4C7A-9852-9DC54A3E0DED}.Release|Any CPU.Build.0 = Release|Any CPU
		{60E29D23-29FE-417C-A8DB-CD17093459FC}.Debug|Any CPU.ActiveCfg = Debug|Any CPU
		{60E29D23-29FE-417C-A8DB-CD17093459FC}.Debug|Any CPU.Build.0 = Debug|Any CPU
		{60E29D23-29FE-417C-A8DB-CD17093459FC}.net7.0|Any CPU.ActiveCfg = Debug|Any CPU
		{60E29D23-29FE-417C-A8DB-CD17093459FC}.net7.0|Any CPU.Build.0 = Debug|Any CPU
		{60E29D23-29FE-417C-A8DB-CD17093459FC}.Release|Any CPU.ActiveCfg = Release|Any CPU
		{60E29D23-29FE-417C-A8DB-CD17093459FC}.Release|Any CPU.Build.0 = Release|Any CPU
		{3E4243D2-2E9D-4E12-A0E4-AD00DEB091F9}.Debug|Any CPU.ActiveCfg = Debug|Any CPU
		{3E4243D2-2E9D-4E12-A0E4-AD00DEB091F9}.Debug|Any CPU.Build.0 = Debug|Any CPU
		{3E4243D2-2E9D-4E12-A0E4-AD00DEB091F9}.net7.0|Any CPU.ActiveCfg = Debug|Any CPU
		{3E4243D2-2E9D-4E12-A0E4-AD00DEB091F9}.net7.0|Any CPU.Build.0 = Debug|Any CPU
		{3E4243D2-2E9D-4E12-A0E4-AD00DEB091F9}.Release|Any CPU.ActiveCfg = Release|Any CPU
		{3E4243D2-2E9D-4E12-A0E4-AD00DEB091F9}.Release|Any CPU.Build.0 = Release|Any CPU
		{9DC477E1-F308-4CC1-8CB0-08AA0825B5A7}.Debug|Any CPU.ActiveCfg = Debug|Any CPU
		{9DC477E1-F308-4CC1-8CB0-08AA0825B5A7}.Debug|Any CPU.Build.0 = Debug|Any CPU
		{9DC477E1-F308-4CC1-8CB0-08AA0825B5A7}.Debug|Any CPU.Deploy.0 = Debug|Any CPU
		{9DC477E1-F308-4CC1-8CB0-08AA0825B5A7}.net7.0|Any CPU.ActiveCfg = Release|Any CPU
		{9DC477E1-F308-4CC1-8CB0-08AA0825B5A7}.net7.0|Any CPU.Build.0 = Release|Any CPU
		{9DC477E1-F308-4CC1-8CB0-08AA0825B5A7}.net7.0|Any CPU.Deploy.0 = Release|Any CPU
		{9DC477E1-F308-4CC1-8CB0-08AA0825B5A7}.Release|Any CPU.ActiveCfg = Release|Any CPU
		{9DC477E1-F308-4CC1-8CB0-08AA0825B5A7}.Release|Any CPU.Build.0 = Release|Any CPU
		{9DC477E1-F308-4CC1-8CB0-08AA0825B5A7}.Release|Any CPU.Deploy.0 = Release|Any CPU
		{CB2B1BB2-0483-44F2-8248-1DED29FF87D2}.Debug|Any CPU.ActiveCfg = Debug|Any CPU
		{CB2B1BB2-0483-44F2-8248-1DED29FF87D2}.Debug|Any CPU.Build.0 = Debug|Any CPU
		{CB2B1BB2-0483-44F2-8248-1DED29FF87D2}.net7.0|Any CPU.ActiveCfg = Debug|Any CPU
		{CB2B1BB2-0483-44F2-8248-1DED29FF87D2}.net7.0|Any CPU.Build.0 = Debug|Any CPU
		{CB2B1BB2-0483-44F2-8248-1DED29FF87D2}.Release|Any CPU.ActiveCfg = Release|Any CPU
		{CB2B1BB2-0483-44F2-8248-1DED29FF87D2}.Release|Any CPU.Build.0 = Release|Any CPU
		{00765CEA-499D-4535-9C03-3DB40E39AC84}.Debug|Any CPU.ActiveCfg = Debug|Any CPU
		{00765CEA-499D-4535-9C03-3DB40E39AC84}.Debug|Any CPU.Build.0 = Debug|Any CPU
		{00765CEA-499D-4535-9C03-3DB40E39AC84}.net7.0|Any CPU.ActiveCfg = Debug|Any CPU
		{00765CEA-499D-4535-9C03-3DB40E39AC84}.net7.0|Any CPU.Build.0 = Debug|Any CPU
		{00765CEA-499D-4535-9C03-3DB40E39AC84}.Release|Any CPU.ActiveCfg = Release|Any CPU
		{00765CEA-499D-4535-9C03-3DB40E39AC84}.Release|Any CPU.Build.0 = Release|Any CPU
		{63F13854-AED8-45AE-BFE8-ED6AFFFFAD5E}.Debug|Any CPU.ActiveCfg = Debug|Any CPU
		{63F13854-AED8-45AE-BFE8-ED6AFFFFAD5E}.Debug|Any CPU.Build.0 = Debug|Any CPU
		{63F13854-AED8-45AE-BFE8-ED6AFFFFAD5E}.net7.0|Any CPU.ActiveCfg = Debug|Any CPU
		{63F13854-AED8-45AE-BFE8-ED6AFFFFAD5E}.net7.0|Any CPU.Build.0 = Debug|Any CPU
		{63F13854-AED8-45AE-BFE8-ED6AFFFFAD5E}.Release|Any CPU.ActiveCfg = Release|Any CPU
		{63F13854-AED8-45AE-BFE8-ED6AFFFFAD5E}.Release|Any CPU.Build.0 = Release|Any CPU
		{B8FD5EF8-C122-4205-A2C4-C2D483054E5F}.Debug|Any CPU.ActiveCfg = Debug|Any CPU
		{B8FD5EF8-C122-4205-A2C4-C2D483054E5F}.Debug|Any CPU.Build.0 = Debug|Any CPU
		{B8FD5EF8-C122-4205-A2C4-C2D483054E5F}.net7.0|Any CPU.ActiveCfg = Debug|Any CPU
		{B8FD5EF8-C122-4205-A2C4-C2D483054E5F}.net7.0|Any CPU.Build.0 = Debug|Any CPU
		{B8FD5EF8-C122-4205-A2C4-C2D483054E5F}.Release|Any CPU.ActiveCfg = Release|Any CPU
		{B8FD5EF8-C122-4205-A2C4-C2D483054E5F}.Release|Any CPU.Build.0 = Release|Any CPU
	EndGlobalSection
	GlobalSection(SolutionProperties) = preSolution
		HideSolutionNode = FALSE
	EndGlobalSection
	GlobalSection(NestedProjects) = preSolution
		{44AA465B-6C3C-4439-B8C9-6624B0230D4F} = {C2D782E1-D535-4614-B458-E1ABA1B4F5B1}
		{72F3861F-75BC-4504-9CC7-B7137D9BB2F1} = {72EB4535-C097-43BD-BCB2-EA3095ADE06E}
		{200591AB-B9A5-45DE-B825-4BEE349B744E} = {C2D782E1-D535-4614-B458-E1ABA1B4F5B1}
		{B39C3492-FBD3-4EDA-98B7-207DEF406392} = {C2D782E1-D535-4614-B458-E1ABA1B4F5B1}
		{1E3BF245-A62B-4949-AD91-A87E0B453089} = {C939F925-0AD8-45CD-8D5D-9FAA5FDD26D1}
		{BCEFA941-139E-4850-B5FF-B7A1AA9CDF8D} = {4B000918-9823-4B1D-89EE-09C44B573BEC}
		{ABE045B5-BC92-4041-9E6F-10284512F4E4} = {C2D782E1-D535-4614-B458-E1ABA1B4F5B1}
		{B2A60697-DB61-4FE8-BE50-B40C7B00D16A} = {4B000918-9823-4B1D-89EE-09C44B573BEC}
		{058789C3-AD98-478E-95A3-9ED33CA9C126} = {C2D782E1-D535-4614-B458-E1ABA1B4F5B1}
		{A643A661-8BAD-422C-9EEE-8EFB19FB4573} = {C2D782E1-D535-4614-B458-E1ABA1B4F5B1}
		{E678F730-F6CA-488B-A41E-013017E7D7C0} = {72EB4535-C097-43BD-BCB2-EA3095ADE06E}
		{3D4A97EB-78AB-463E-9E25-50277401D41F} = {C2D782E1-D535-4614-B458-E1ABA1B4F5B1}
		{901EA9E7-86FF-4559-AA67-DAEE0BA6B55D} = {C2D782E1-D535-4614-B458-E1ABA1B4F5B1}
		{9325B676-17E0-4A55-A204-4187BDC6FF14} = {983FAA86-8005-4CFF-8796-E6D1A3B14F61}
		{7E66265F-5DC1-46F9-9B45-918F210DF785} = {C2D782E1-D535-4614-B458-E1ABA1B4F5B1}
		{9B05C29E-F080-4C7A-9852-9DC54A3E0DED} = {C2D782E1-D535-4614-B458-E1ABA1B4F5B1}
		{CA2FDC53-68EE-4C24-B9B8-9C2DC136912F} = {4B000918-9823-4B1D-89EE-09C44B573BEC}
		{48D79B59-245D-4A7F-815D-3C6A61A727E2} = {CA2FDC53-68EE-4C24-B9B8-9C2DC136912F}
		{60E29D23-29FE-417C-A8DB-CD17093459FC} = {C2D782E1-D535-4614-B458-E1ABA1B4F5B1}
		{3E4243D2-2E9D-4E12-A0E4-AD00DEB091F9} = {C939F925-0AD8-45CD-8D5D-9FAA5FDD26D1}
		{ADB074F9-1D69-4063-805D-8483A10E517A} = {C939F925-0AD8-45CD-8D5D-9FAA5FDD26D1}
		{9DC477E1-F308-4CC1-8CB0-08AA0825B5A7} = {ADB074F9-1D69-4063-805D-8483A10E517A}
		{CB2B1BB2-0483-44F2-8248-1DED29FF87D2} = {ADB074F9-1D69-4063-805D-8483A10E517A}
		{00765CEA-499D-4535-9C03-3DB40E39AC84} = {109948EF-CC22-40C0-86CE-979BF9F37BBA}
		{63F13854-AED8-45AE-BFE8-ED6AFFFFAD5E} = {C939F925-0AD8-45CD-8D5D-9FAA5FDD26D1}
		{B8FD5EF8-C122-4205-A2C4-C2D483054E5F} = {109948EF-CC22-40C0-86CE-979BF9F37BBA}
	EndGlobalSection
	GlobalSection(ExtensibilityGlobals) = postSolution
		SolutionGuid = {B6B05916-F30D-48AC-A463-B273D39789E5}
	EndGlobalSection
EndGlobal
